
Microsoft Visual Studio Solution File, Format Version 12.00
# Visual Studio Version 16
VisualStudioVersion = 16.0.31424.327
MinimumVisualStudioVersion = 10.0.40219.1
Project("{9A19103F-16F7-4668-BE54-9A1E7A4F7556}") = "cli", "cli\cli.csproj", "{8A2301BC-0A08-4599-8016-15E720F621C4}"
EndProject
Project("{FAE04EC0-301F-11D3-BF4B-00C04F79EFBC}") = "cli.test", "cli.test\cli.test\cli.test.csproj", "{D78484D5-6FD1-411C-8695-894154758E65}"
EndProject
Project("{FAE04EC0-301F-11D3-BF4B-00C04F79EFBC}") = "cli.end2end", "cli.end2end\cli.end2end\cli.end2end.csproj", "{F37BE35E-A54E-4002-9F7F-FBBC35C76912}"
EndProject
Global
	GlobalSection(SolutionConfigurationPlatforms) = preSolution
		Debug|Any CPU = Debug|Any CPU
		Release|Any CPU = Release|Any CPU
	EndGlobalSection
	GlobalSection(ProjectConfigurationPlatforms) = postSolution
		{8A2301BC-0A08-4599-8016-15E720F621C4}.Debug|Any CPU.ActiveCfg = Debug|Any CPU
		{8A2301BC-0A08-4599-8016-15E720F621C4}.Debug|Any CPU.Build.0 = Debug|Any CPU
		{8A2301BC-0A08-4599-8016-15E720F621C4}.Release|Any CPU.ActiveCfg = Release|Any CPU
		{8A2301BC-0A08-4599-8016-15E720F621C4}.Release|Any CPU.Build.0 = Release|Any CPU
		{D78484D5-6FD1-411C-8695-894154758E65}.Debug|Any CPU.ActiveCfg = Debug|Any CPU
		{D78484D5-6FD1-411C-8695-894154758E65}.Debug|Any CPU.Build.0 = Debug|Any CPU
		{D78484D5-6FD1-411C-8695-894154758E65}.Release|Any CPU.ActiveCfg = Release|Any CPU
		{D78484D5-6FD1-411C-8695-894154758E65}.Release|Any CPU.Build.0 = Release|Any CPU
		{F37BE35E-A54E-4002-9F7F-FBBC35C76912}.Debug|Any CPU.ActiveCfg = Debug|Any CPU
		{F37BE35E-A54E-4002-9F7F-FBBC35C76912}.Debug|Any CPU.Build.0 = Debug|Any CPU
		{F37BE35E-A54E-4002-9F7F-FBBC35C76912}.Release|Any CPU.ActiveCfg = Release|Any CPU
		{F37BE35E-A54E-4002-9F7F-FBBC35C76912}.Release|Any CPU.Build.0 = Release|Any CPU
	EndGlobalSection
	GlobalSection(SolutionProperties) = preSolution
		HideSolutionNode = FALSE
	EndGlobalSection
	GlobalSection(ExtensibilityGlobals) = postSolution
		SolutionGuid = {E0427332-DC1D-4633-B20A-C4FDCD8F6CFD}
	EndGlobalSection
EndGlobal
